PATH
  remote: .
  specs:
    certeurope_sign_api (1.0.0)

GEM
  remote: https://rubygems.org/
  specs:
    clap (1.0.0)
    cutest (1.2.3)
      clap
    dotenv (3.2.0)

PLATFORMS
  arm64-darwin-21
  ruby

DEPENDENCIES
  certeurope_sign_api!
  cutest (~> 1.2)
  dotenv (~> 3.2)

BUNDLED WITH
   2.6.9
